PODS:
  - MultiPlatformLibrary (0.1.0)
  - MultiPlatformLibraryUnits (0.4.0):
    - MultiPlatformLibrary
    - MultiPlatformLibraryUnits/Core (= 0.4.0)
  - MultiPlatformLibraryUnits/Core (0.4.0):
    - MultiPlatformLibrary

DEPENDENCIES:
  - MultiPlatformLibrary (from `../mpp-library`)
  - MultiPlatformLibraryUnits (from `https://github.com/icerockdev/moko-units.git`, tag `release/0.4.0`)

EXTERNAL SOURCES:
  MultiPlatformLibrary:
    :path: "../mpp-library"
  MultiPlatformLibraryUnits:
    :git: https://github.com/icerockdev/moko-units.git
    :tag: release/0.4.0

CHECKOUT OPTIONS:
  MultiPlatformLibraryUnits:
    :git: https://github.com/icerockdev/moko-units.git
    :tag: release/0.4.0

SPEC CHECKSUMS:
  MultiPlatformLibrary: 2a9f43df7bd018c32611a2087c1e2ef74847394c
  MultiPlatformLibraryUnits: 0d2efb66522f63a8b38d5639d329aeb70cd4e9ba

PODFILE CHECKSUM: ef522d3d1655c544774fcadd6504f1f42278f721

COCOAPODS: 1.11.2
